
Microsoft Visual Studio Solution File, Format Version 12.00
# Visual Studio 15
VisualStudioVersion = 15.0.26730.8
MinimumVisualStudioVersion = 10.0.40219.1
Project("{FAE04EC0-301F-11D3-BF4B-00C04F79EFBC}") = "Demo_ConsoleValidation", "Demo_ConsoleValidation\Demo_ConsoleValidation.csproj", "{471CD2BA-E1AF-470D-8D4B-6C312C747126}"
EndProject
Global
	GlobalSection(SolutionConfigurationPlatforms) = preSolution
		Debug|Any CPU = Debug|Any CPU
		Release|Any CPU = Release|Any CPU
	EndGlobalSection
	GlobalSection(ProjectConfigurationPlatforms) = postSolution
		{471CD2BA-E1AF-470D-8D4B-6C312C747126}.Debug|Any CPU.ActiveCfg = Debug|Any CPU
		{471CD2BA-E1AF-470D-8D4B-6C312C747126}.Debug|Any CPU.Build.0 = Debug|Any CPU
		{471CD2BA-E1AF-470D-8D4B-6C312C747126}.Release|Any CPU.ActiveCfg = Release|Any CPU
		{471CD2BA-E1AF-470D-8D4B-6C312C747126}.Release|Any CPU.Build.0 = Release|Any CPU
	EndGlobalSection
	GlobalSection(SolutionProperties) = preSolution
		HideSolutionNode = FALSE
	EndGlobalSection
	GlobalSection(ExtensibilityGlobals) = postSolution
		SolutionGuid = {1E825779-99B6-48A2-A3CA-598D198B7B84}
	EndGlobalSection
EndGlobal
